# Code generated by scarb DO NOT EDIT.
version = 1

[[package]]
name = "betting"
version = "0.1.0"
dependencies = [
 "openzeppelin",
]

[[package]]
name = "openzeppelin"
version = "0.8.0-beta.0"
source = "git+https://github.com/OpenZeppelin/cairo-contracts.git#f3e2a5f0547a429c716f32471b06df729cbdfb9f"
